
Microsoft Visual Studio Solution File, Format Version 12.00
# Visual Studio Version 17
VisualStudioVersion = 17.14.36310.24 d17.14
MinimumVisualStudioVersion = 10.0.40219.1
Project("{FAE04EC0-301F-11D3-BF4B-00C04F79EFBC}") = "WebTechTestGreg", "WebTechTestGreg\WebTechTestGreg.csproj", "{414F4E37-A49A-4AD5-BF39-E1C989777196}"
EndProject
Project("{2150E333-8FDC-42A3-9474-1A3956D46DE8}") = "1. PRESENTATION", "1. PRESENTATION", "{02EA681E-C7D8-13C7-8484-4AC65E1B71E8}"
EndProject
Project("{2150E333-8FDC-42A3-9474-1A3956D46DE8}") = "2. APPLICATION", "2. APPLICATION", "{CEE2380D-D3F0-4886-8FF2-C3F1B933F723}"
EndProject
Project("{2150E333-8FDC-42A3-9474-1A3956D46DE8}") = "3. DOMAIN", "3. DOMAIN", "{B2D4B4EE-FAA9-416B-895E-305B75227300}"
EndProject
Project("{2150E333-8FDC-42A3-9474-1A3956D46DE8}") = "4. BUSINESS", "4. BUSINESS", "{88FF57D1-C3CB-4DFC-9B6D-6885FEB49AF3}"
EndProject
Project("{2150E333-8FDC-42A3-9474-1A3956D46DE8}") = "5. INFRASTRUCTURE", "5. INFRASTRUCTURE", "{5A41E75F-A8ED-4DB5-BAA2-BFB1D0FF0FB8}"
EndProject
Project("{FAE04EC0-301F-11D3-BF4B-00C04F79EFBC}") = "APPLICATION", "APPLICATION\APPLICATION.csproj", "{DAC7FFA9-C9A8-4A7A-9B7B-32ECE21BE8E9}"
EndProject
Project("{FAE04EC0-301F-11D3-BF4B-00C04F79EFBC}") = "DOMAIN", "DOMAIN\DOMAIN.csproj", "{53852FCF-7041-4591-9A0B-3339C219BA97}"
EndProject
Project("{FAE04EC0-301F-11D3-BF4B-00C04F79EFBC}") = "BUSINESS", "BUSINESS\BUSINESS.csproj", "{4441325B-BA1B-4A35-BEF7-8DD6D575C35D}"
EndProject
Project("{FAE04EC0-301F-11D3-BF4B-00C04F79EFBC}") = "INFRASTRUCTURE", "INFRASTRUCTURE\INFRASTRUCTURE.csproj", "{A6661623-9969-4C8F-9F74-D7EA3E15EE64}"
EndProject
Global
	GlobalSection(SolutionConfigurationPlatforms) = preSolution
		Debug|Any CPU = Debug|Any CPU
		Release|Any CPU = Release|Any CPU
	EndGlobalSection
	GlobalSection(ProjectConfigurationPlatforms) = postSolution
		{414F4E37-A49A-4AD5-BF39-E1C989777196}.Debug|Any CPU.ActiveCfg = Debug|Any CPU
		{414F4E37-A49A-4AD5-BF39-E1C989777196}.Debug|Any CPU.Build.0 = Debug|Any CPU
		{414F4E37-A49A-4AD5-BF39-E1C989777196}.Release|Any CPU.ActiveCfg = Release|Any CPU
		{414F4E37-A49A-4AD5-BF39-E1C989777196}.Release|Any CPU.Build.0 = Release|Any CPU
		{DAC7FFA9-C9A8-4A7A-9B7B-32ECE21BE8E9}.Debug|Any CPU.ActiveCfg = Debug|Any CPU
		{DAC7FFA9-C9A8-4A7A-9B7B-32ECE21BE8E9}.Debug|Any CPU.Build.0 = Debug|Any CPU
		{DAC7FFA9-C9A8-4A7A-9B7B-32ECE21BE8E9}.Release|Any CPU.ActiveCfg = Release|Any CPU
		{DAC7FFA9-C9A8-4A7A-9B7B-32ECE21BE8E9}.Release|Any CPU.Build.0 = Release|Any CPU
		{53852FCF-7041-4591-9A0B-3339C219BA97}.Debug|Any CPU.ActiveCfg = Debug|Any CPU
		{53852FCF-7041-4591-9A0B-3339C219BA97}.Debug|Any CPU.Build.0 = Debug|Any CPU
		{53852FCF-7041-4591-9A0B-3339C219BA97}.Release|Any CPU.ActiveCfg = Release|Any CPU
		{53852FCF-7041-4591-9A0B-3339C219BA97}.Release|Any CPU.Build.0 = Release|Any CPU
		{4441325B-BA1B-4A35-BEF7-8DD6D575C35D}.Debug|Any CPU.ActiveCfg = Debug|Any CPU
		{4441325B-BA1B-4A35-BEF7-8DD6D575C35D}.Debug|Any CPU.Build.0 = Debug|Any CPU
		{4441325B-BA1B-4A35-BEF7-8DD6D575C35D}.Release|Any CPU.ActiveCfg = Release|Any CPU
		{4441325B-BA1B-4A35-BEF7-8DD6D575C35D}.Release|Any CPU.Build.0 = Release|Any CPU
		{A6661623-9969-4C8F-9F74-D7EA3E15EE64}.Debug|Any CPU.ActiveCfg = Debug|Any CPU
		{A6661623-9969-4C8F-9F74-D7EA3E15EE64}.Debug|Any CPU.Build.0 = Debug|Any CPU
		{A6661623-9969-4C8F-9F74-D7EA3E15EE64}.Release|Any CPU.ActiveCfg = Release|Any CPU
		{A6661623-9969-4C8F-9F74-D7EA3E15EE64}.Release|Any CPU.Build.0 = Release|Any CPU
	EndGlobalSection
	GlobalSection(SolutionProperties) = preSolution
		HideSolutionNode = FALSE
	EndGlobalSection
	GlobalSection(NestedProjects) = preSolution
		{414F4E37-A49A-4AD5-BF39-E1C989777196} = {02EA681E-C7D8-13C7-8484-4AC65E1B71E8}
		{DAC7FFA9-C9A8-4A7A-9B7B-32ECE21BE8E9} = {CEE2380D-D3F0-4886-8FF2-C3F1B933F723}
		{53852FCF-7041-4591-9A0B-3339C219BA97} = {B2D4B4EE-FAA9-416B-895E-305B75227300}
		{4441325B-BA1B-4A35-BEF7-8DD6D575C35D} = {88FF57D1-C3CB-4DFC-9B6D-6885FEB49AF3}
		{A6661623-9969-4C8F-9F74-D7EA3E15EE64} = {5A41E75F-A8ED-4DB5-BAA2-BFB1D0FF0FB8}
	EndGlobalSection
	GlobalSection(ExtensibilityGlobals) = postSolution
		SolutionGuid = {18D9CCB3-60AE-4930-8565-3E8B16EE2FE1}
	EndGlobalSection
EndGlobal
